
Microsoft Visual Studio Solution File, Format Version 12.00
# Visual Studio Version 17
VisualStudioVersion = 17.5.33414.496
MinimumVisualStudioVersion = 10.0.40219.1
Project("{9A19103F-16F7-4668-BE54-9A1E7A4F7556}") = "Paintball_Project.Application", "Paintball_Project.Application\Paintball_Project.Application.csproj", "{A73218B4-6F80-4844-8C62-7A3845C592BE}"
EndProject
Project("{9A19103F-16F7-4668-BE54-9A1E7A4F7556}") = "Paintball_Project.Domain", "Paintball_Project.Domain\Paintball_Project.Domain.csproj", "{B791D731-B236-4BD5-AEA8-703E8C6CF12E}"
EndProject
Project("{9A19103F-16F7-4668-BE54-9A1E7A4F7556}") = "Paintball_Project.Identity", "Paintball_Project.Identity\Paintball_Project.Identity.csproj", "{89AE9891-4480-40EF-9E55-BD41FAAA7A68}"
EndProject
Project("{9A19103F-16F7-4668-BE54-9A1E7A4F7556}") = "Paintball_Project.Infrastructure", "Paintball_Project.Infrastructure\Paintball_Project.Infrastructure.csproj", "{AC06E83C-9749-40EA-8529-925913FADE5B}"
EndProject
Project("{9A19103F-16F7-4668-BE54-9A1E7A4F7556}") = "PaintBall_Project.Api", "PaintBall_Project.Api\PaintBall_Project.Api.csproj", "{4B86CB0B-22A1-49DB-8330-847CEA0C7569}"
EndProject
Project("{9A19103F-16F7-4668-BE54-9A1E7A4F7556}") = "Paintball_Project.Storage", "Paintball_Project.Storage\Paintball_Project.Storage.csproj", "{CE5C7242-0927-47BC-8DD9-B69A20EAE74B}"
EndProject
Project("{FAE04EC0-301F-11D3-BF4B-00C04F79EFBC}") = "Paintball_Project.Payments", "Paintball_Project.Payments\Paintball_Project.Payments.csproj", "{32E9B6FC-CA26-48E8-BD34-CB9C19558D3B}"
EndProject
Global
	GlobalSection(SolutionConfigurationPlatforms) = preSolution
		Debug|Any CPU = Debug|Any CPU
		Release|Any CPU = Release|Any CPU
	EndGlobalSection
	GlobalSection(ProjectConfigurationPlatforms) = postSolution
		{A73218B4-6F80-4844-8C62-7A3845C592BE}.Debug|Any CPU.ActiveCfg = Debug|Any CPU
		{A73218B4-6F80-4844-8C62-7A3845C592BE}.Debug|Any CPU.Build.0 = Debug|Any CPU
		{A73218B4-6F80-4844-8C62-7A3845C592BE}.Release|Any CPU.ActiveCfg = Release|Any CPU
		{A73218B4-6F80-4844-8C62-7A3845C592BE}.Release|Any CPU.Build.0 = Release|Any CPU
		{B791D731-B236-4BD5-AEA8-703E8C6CF12E}.Debug|Any CPU.ActiveCfg = Debug|Any CPU
		{B791D731-B236-4BD5-AEA8-703E8C6CF12E}.Debug|Any CPU.Build.0 = Debug|Any CPU
		{B791D731-B236-4BD5-AEA8-703E8C6CF12E}.Release|Any CPU.ActiveCfg = Release|Any CPU
		{B791D731-B236-4BD5-AEA8-703E8C6CF12E}.Release|Any CPU.Build.0 = Release|Any CPU
		{89AE9891-4480-40EF-9E55-BD41FAAA7A68}.Debug|Any CPU.ActiveCfg = Debug|Any CPU
		{89AE9891-4480-40EF-9E55-BD41FAAA7A68}.Debug|Any CPU.Build.0 = Debug|Any CPU
		{89AE9891-4480-40EF-9E55-BD41FAAA7A68}.Release|Any CPU.ActiveCfg = Release|Any CPU
		{89AE9891-4480-40EF-9E55-BD41FAAA7A68}.Release|Any CPU.Build.0 = Release|Any CPU
		{AC06E83C-9749-40EA-8529-925913FADE5B}.Debug|Any CPU.ActiveCfg = Debug|Any CPU
		{AC06E83C-9749-40EA-8529-925913FADE5B}.Debug|Any CPU.Build.0 = Debug|Any CPU
		{AC06E83C-9749-40EA-8529-925913FADE5B}.Release|Any CPU.ActiveCfg = Release|Any CPU
		{AC06E83C-9749-40EA-8529-925913FADE5B}.Release|Any CPU.Build.0 = Release|Any CPU
		{4B86CB0B-22A1-49DB-8330-847CEA0C7569}.Debug|Any CPU.ActiveCfg = Debug|Any CPU
		{4B86CB0B-22A1-49DB-8330-847CEA0C7569}.Debug|Any CPU.Build.0 = Debug|Any CPU
		{4B86CB0B-22A1-49DB-8330-847CEA0C7569}.Release|Any CPU.ActiveCfg = Release|Any CPU
		{4B86CB0B-22A1-49DB-8330-847CEA0C7569}.Release|Any CPU.Build.0 = Release|Any CPU
		{CE5C7242-0927-47BC-8DD9-B69A20EAE74B}.Debug|Any CPU.ActiveCfg = Debug|Any CPU
		{CE5C7242-0927-47BC-8DD9-B69A20EAE74B}.Debug|Any CPU.Build.0 = Debug|Any CPU
		{CE5C7242-0927-47BC-8DD9-B69A20EAE74B}.Release|Any CPU.ActiveCfg = Release|Any CPU
		{CE5C7242-0927-47BC-8DD9-B69A20EAE74B}.Release|Any CPU.Build.0 = Release|Any CPU
		{32E9B6FC-CA26-48E8-BD34-CB9C19558D3B}.Debug|Any CPU.ActiveCfg = Debug|Any CPU
		{32E9B6FC-CA26-48E8-BD34-CB9C19558D3B}.Debug|Any CPU.Build.0 = Debug|Any CPU
		{32E9B6FC-CA26-48E8-BD34-CB9C19558D3B}.Release|Any CPU.ActiveCfg = Release|Any CPU
		{32E9B6FC-CA26-48E8-BD34-CB9C19558D3B}.Release|Any CPU.Build.0 = Release|Any CPU
	EndGlobalSection
	GlobalSection(SolutionProperties) = preSolution
		HideSolutionNode = FALSE
	EndGlobalSection
	GlobalSection(ExtensibilityGlobals) = postSolution
		SolutionGuid = {F34602CC-12D6-45D9-B1C1-7D2023006495}
	EndGlobalSection
EndGlobal
